
Microsoft Visual Studio Solution File, Format Version 12.00
# Visual Studio Version 17
VisualStudioVersion = 17.6.33723.286
MinimumVisualStudioVersion = 10.0.40219.1
Project("{FAE04EC0-301F-11D3-BF4B-00C04F79EFBC}") = "Noble Nudge", "Noble Nudge\Noble Nudge.csproj", "{BB3556F3-79A3-4CF5-B956-B3F96C833F11}"
EndProject
Global
	GlobalSection(SolutionConfigurationPlatforms) = preSolution
		Debug|Any CPU = Debug|Any CPU
		Release|Any CPU = Release|Any CPU
	EndGlobalSection
	GlobalSection(ProjectConfigurationPlatforms) = postSolution
		{BB3556F3-79A3-4CF5-B956-B3F96C833F11}.Debug|Any CPU.ActiveCfg = Debug|Any CPU
		{BB3556F3-79A3-4CF5-B956-B3F96C833F11}.Debug|Any CPU.Build.0 = Debug|Any CPU
		{BB3556F3-79A3-4CF5-B956-B3F96C833F11}.Release|Any CPU.ActiveCfg = Release|Any CPU
		{BB3556F3-79A3-4CF5-B956-B3F96C833F11}.Release|Any CPU.Build.0 = Release|Any CPU
	EndGlobalSection
	GlobalSection(SolutionProperties) = preSolution
		HideSolutionNode = FALSE
	EndGlobalSection
	GlobalSection(ExtensibilityGlobals) = postSolution
		SolutionGuid = {3EC4E13B-4110-41C1-8F4B-E4238C3F1AB0}
	EndGlobalSection
EndGlobal
